
Microsoft Visual Studio Solution File, Format Version 12.00
# Visual Studio Version 17
VisualStudioVersion = 17.13.35931.197
MinimumVisualStudioVersion = 10.0.40219.1
Project("{FAE04EC0-301F-11D3-BF4B-00C04F79EFBC}") = "OnlineShop", "OnlineShop\OnlineShop.csproj", "{275B67F1-7E4C-4A1A-BE97-57D6CD1C3B94}"
EndProject
Project("{FAE04EC0-301F-11D3-BF4B-00C04F79EFBC}") = "Models", "Models\Models.csproj", "{769BD2E6-D2EE-4D61-B678-29A1DF209D9B}"
EndProject
Global
	GlobalSection(SolutionConfigurationPlatforms) = preSolution
		Debug|Any CPU = Debug|Any CPU
		Release|Any CPU = Release|Any CPU
	EndGlobalSection
	GlobalSection(ProjectConfigurationPlatforms) = postSolution
		{275B67F1-7E4C-4A1A-BE97-57D6CD1C3B94}.Debug|Any CPU.ActiveCfg = Debug|Any CPU
		{275B67F1-7E4C-4A1A-BE97-57D6CD1C3B94}.Debug|Any CPU.Build.0 = Debug|Any CPU
		{275B67F1-7E4C-4A1A-BE97-57D6CD1C3B94}.Release|Any CPU.ActiveCfg = Release|Any CPU
		{275B67F1-7E4C-4A1A-BE97-57D6CD1C3B94}.Release|Any CPU.Build.0 = Release|Any CPU
		{769BD2E6-D2EE-4D61-B678-29A1DF209D9B}.Debug|Any CPU.ActiveCfg = Debug|Any CPU
		{769BD2E6-D2EE-4D61-B678-29A1DF209D9B}.Debug|Any CPU.Build.0 = Debug|Any CPU
		{769BD2E6-D2EE-4D61-B678-29A1DF209D9B}.Release|Any CPU.ActiveCfg = Release|Any CPU
		{769BD2E6-D2EE-4D61-B678-29A1DF209D9B}.Release|Any CPU.Build.0 = Release|Any CPU
	EndGlobalSection
	GlobalSection(SolutionProperties) = preSolution
		HideSolutionNode = FALSE
	EndGlobalSection
	GlobalSection(ExtensibilityGlobals) = postSolution
		SolutionGuid = {ADB403AA-8C2A-4B7D-BFB0-309D75298410}
	EndGlobalSection
EndGlobal
